<?xml version="1.0" encoding="utf-8"?>
<Project ToolsVersion="4.0" xmlns="http://schemas.microsoft.com/developer/msbuild/2003">
  <ItemGroup>
    <ClCompile Include="Graphics\D3D11\D3D11Buffer.cpp">
      <Filter>Graphics\D3D11</Filter>
    </ClCompile>
    <ClCompile Include="Graphics\D3D11\D3D11Device.cpp">
      <Filter>Graphics\D3D11</Filter>
    </ClCompile>
    <ClCompile Include="Graphics\D3D11\D3D11InputLayout.cpp">
      <Filter>Graphics\D3D11</Filter>
    </ClCompile>
    <ClCompile Include="Graphics\D3D11\D3D11RenderTexture.cpp">
      <Filter>Graphics\D3D11</Filter>
    </ClCompile>
    <ClCompile Include="Graphics\D3D11\D3D11Sampler.cpp">
      <Filter>Graphics\D3D11</Filter>
    </ClCompile>
    <ClCompile Include="Graphics\D3D11\D3D11Shader.cpp">
      <Filter>Graphics\D3D11</Filter>
    </ClCompile>
    <ClCompile Include="Components\Camera.cpp">
      <Filter>Components</Filter>
    </ClCompile>
    <ClCompile Include="Components\Collider.cpp">
      <Filter>Components</Filter>
    </ClCompile>
    <ClCompile Include="Graphics\Shaders\ColorShader.cpp">
      <Filter>Graphics\Shaders</Filter>
    </ClCompile>
    <ClCompile Include="Graphics\Shaders\DebugShader.cpp">
      <Filter>Graphics\Shaders</Filter>
    </ClCompile>
    <ClCompile Include="Graphics\Shaders\DeferredShader.cpp">
      <Filter>Graphics\Shaders</Filter>
    </ClCompile>
    <ClCompile Include="Graphics\Shaders\DepthShader.cpp">
      <Filter>Graphics\Shaders</Filter>
    </ClCompile>
    <ClCompile Include="Core\GameObject.cpp">
      <Filter>Core</Filter>
    </ClCompile>
    <ClCompile Include="Components\LineRenderer.cpp">
      <Filter>Components</Filter>
    </ClCompile>
    <ClCompile Include="Components\Hinge.cpp">
      <Filter>Components</Filter>
    </ClCompile>
    <ClCompile Include="Components\Mesh.cpp">
      <Filter>Components</Filter>
    </ClCompile>
    <ClCompile Include="Components\MeshCollider.cpp">
      <Filter>Components</Filter>
    </ClCompile>
    <ClCompile Include="Scripting\ScriptDefinitions.cpp">
      <Filter>Scripting</Filter>
    </ClCompile>
    <ClCompile Include="Scripting\ScriptEngine.cpp">
      <Filter>Scripting</Filter>
    </ClCompile>
    <ClCompile Include="Scripting\ScriptInstance.cpp">
      <Filter>Scripting</Filter>
    </ClCompile>
    <ClCompile Include="Components\Script.cpp">
      <Filter>Components</Filter>
    </ClCompile>
    <ClCompile Include="Loading\ImageLoader.cpp">
      <Filter>Loaders</Filter>
    </ClCompile>
    <ClCompile Include="Math\Matrix.cpp">
      <Filter>Math</Filter>
    </ClCompile>
    <ClCompile Include="Math\Vector2.cpp">
      <Filter>Math</Filter>
    </ClCompile>
    <ClCompile Include="Math\Vector3.cpp">
      <Filter>Math</Filter>
    </ClCompile>
    <ClCompile Include="Math\Vector4.cpp">
      <Filter>Math</Filter>
    </ClCompile>
    <ClCompile Include="Components\Skybox.cpp">
      <Filter>Components</Filter>
    </ClCompile>
    <ClCompile Include="Graphics\Frustrum.cpp">
      <Filter>Graphics</Filter>
    </ClCompile>
    <ClCompile Include="Graphics\FullScreenQuad.cpp">
      <Filter>Graphics</Filter>
    </ClCompile>
    <ClCompile Include="Core\Material.cpp">
      <Filter>Core</Filter>
    </ClCompile>
    <ClCompile Include="IO\Log.cpp">
      <Filter>IO</Filter>
    </ClCompile>
    <ClCompile Include="Pools\GameObjectPool.cpp">
      <Filter>Pools</Filter>
    </ClCompile>
    <ClCompile Include="Pools\MaterialPool.cpp">
      <Filter>Pools</Filter>
    </ClCompile>
    <ClCompile Include="Pools\TexturePool.cpp">
      <Filter>Pools</Filter>
    </ClCompile>
    <ClCompile Include="Components\MeshRenderer.cpp">
      <Filter>Components</Filter>
    </ClCompile>
    <ClCompile Include="Scripting\Module.cpp">
      <Filter>Scripting</Filter>
    </ClCompile>
    <ClCompile Include="Components\Light.cpp">
      <Filter>Components</Filter>
    </ClCompile>
    <ClCompile Include="Components\RigidBody.cpp">
      <Filter>Components</Filter>
    </ClCompile>
    <ClCompile Include="Math\Quaternion.cpp">
      <Filter>Math</Filter>
    </ClCompile>
    <ClCompile Include="IO\Serializer.cpp">
      <Filter>IO</Filter>
    </ClCompile>
    <ClCompile Include="Components\Transform.cpp">
      <Filter>Components</Filter>
    </ClCompile>
    <ClCompile Include="Pools\ShaderPool.cpp">
      <Filter>Pools</Filter>
    </ClCompile>
    <ClCompile Include="Core\Scene.cpp">
      <Filter>Core</Filter>
    </ClCompile>
    <ClCompile Include="Graphics\Shaders\PostProcessShader.cpp">
      <Filter>Graphics\Shaders</Filter>
    </ClCompile>
    <ClCompile Include="Graphics\Shaders\ShaderVariation.cpp">
      <Filter>Graphics\Shaders</Filter>
    </ClCompile>
    <ClCompile Include="Math\MathHelper.cpp">
      <Filter>Math</Filter>
    </ClCompile>
    <ClCompile Include="IO\FileHelper.cpp">
      <Filter>IO</Filter>
    </ClCompile>
    <ClCompile Include="Input\Input.cpp">
      <Filter>Input</Filter>
    </ClCompile>
    <ClCompile Include="Input\DX8Input.cpp">
      <Filter>Input</Filter>
    </ClCompile>
    <ClCompile Include="Physics\PhysicsDebugDraw.cpp">
      <Filter>Physics</Filter>
    </ClCompile>
    <ClCompile Include="Loading\ModelLoader.cpp">
      <Filter>Loaders</Filter>
    </ClCompile>
    <ClCompile Include="Physics\PhysicsEngine.cpp">
      <Filter>Physics</Filter>
    </ClCompile>
    <ClCompile Include="Core\Timer.cpp">
      <Filter>Core</Filter>
    </ClCompile>
    <ClCompile Include="Core\Texture.cpp">
      <Filter>Graphics</Filter>
    </ClCompile>
    <ClCompile Include="Pools\MeshPool.cpp">
      <Filter>Pools</Filter>
    </ClCompile>
    <ClCompile Include="Core\Socket.cpp">
      <Filter>Core</Filter>
    </ClCompile>
    <ClCompile Include="Graphics\GBuffer.cpp">
      <Filter>Graphics</Filter>
    </ClCompile>
    <ClCompile Include="Math\Plane.cpp">
      <Filter>Math</Filter>
    </ClCompile>
    <ClCompile Include="Graphics\Renderer.cpp">
      <Filter>Graphics</Filter>
    </ClCompile>
    <ClCompile Include="Core\Engine.cpp">
      <Filter>Core</Filter>
    </ClCompile>
    <ClCompile Include="Loading\DDSTextureLoader.cpp" />
  </ItemGroup>
  <ItemGroup>
    <ClInclude Include="Graphics\D3D11\D3D11Buffer.h">
      <Filter>Graphics\D3D11</Filter>
    </ClInclude>
    <ClInclude Include="Graphics\D3D11\D3D11Device.h">
      <Filter>Graphics\D3D11</Filter>
    </ClInclude>
    <ClInclude Include="Graphics\D3D11\D3D11InputLayout.h">
      <Filter>Graphics\D3D11</Filter>
    </ClInclude>
    <ClInclude Include="Graphics\D3D11\D3D11RenderTexture.h">
      <Filter>Graphics\D3D11</Filter>
    </ClInclude>
    <ClInclude Include="Graphics\D3D11\D3D11Sampler.h">
      <Filter>Graphics\D3D11</Filter>
    </ClInclude>
    <ClInclude Include="Graphics\D3D11\D3D11Shader.h">
      <Filter>Graphics\D3D11</Filter>
    </ClInclude>
    <ClInclude Include="Components\Camera.h">
      <Filter>Components</Filter>
    </ClInclude>
    <ClInclude Include="Components\Collider.h">
      <Filter>Components</Filter>
    </ClInclude>
    <ClInclude Include="Graphics\Shaders\DepthShader.h">
      <Filter>Graphics\Shaders</Filter>
    </ClInclude>
    <ClInclude Include="Graphics\Shaders\ColorShader.h">
      <Filter>Graphics\Shaders</Filter>
    </ClInclude>
    <ClInclude Include="Graphics\Shaders\DebugShader.h">
      <Filter>Graphics\Shaders</Filter>
    </ClInclude>
    <ClInclude Include="Graphics\Shaders\DeferredShader.h">
      <Filter>Graphics\Shaders</Filter>
    </ClInclude>
    <ClInclude Include="Core\GameObject.h">
      <Filter>Core</Filter>
    </ClInclude>
    <ClInclude Include="Components\LineRenderer.h">
      <Filter>Components</Filter>
    </ClInclude>
    <ClInclude Include="Components\Hinge.h">
      <Filter>Components</Filter>
    </ClInclude>
    <ClInclude Include="Components\IComponent.h">
      <Filter>Components</Filter>
    </ClInclude>
    <ClInclude Include="Components\Mesh.h">
      <Filter>Components</Filter>
    </ClInclude>
    <ClInclude Include="Components\MeshCollider.h">
      <Filter>Components</Filter>
    </ClInclude>
    <ClInclude Include="Scripting\ScriptDefinitions.h">
      <Filter>Scripting</Filter>
    </ClInclude>
    <ClInclude Include="Scripting\ScriptEngine.h">
      <Filter>Scripting</Filter>
    </ClInclude>
    <ClInclude Include="Scripting\ScriptInstance.h">
      <Filter>Scripting</Filter>
    </ClInclude>
    <ClInclude Include="Components\Script.h">
      <Filter>Components</Filter>
    </ClInclude>
    <ClInclude Include="Loading\ImageLoader.h">
      <Filter>Loaders</Filter>
    </ClInclude>
    <ClInclude Include="Math\Matrix.h">
      <Filter>Math</Filter>
    </ClInclude>
    <ClInclude Include="Math\Vector2.h">
      <Filter>Math</Filter>
    </ClInclude>
    <ClInclude Include="Math\Vector3.h">
      <Filter>Math</Filter>
    </ClInclude>
    <ClInclude Include="Math\Vector4.h">
      <Filter>Math</Filter>
    </ClInclude>
    <ClInclude Include="Components\Skybox.h">
      <Filter>Components</Filter>
    </ClInclude>
    <ClInclude Include="Graphics\Frustrum.h">
      <Filter>Graphics</Filter>
    </ClInclude>
    <ClInclude Include="Graphics\FullScreenQuad.h">
      <Filter>Graphics</Filter>
    </ClInclude>
    <ClInclude Include="Core\Material.h">
      <Filter>Core</Filter>
    </ClInclude>
    <ClInclude Include="IO\ILogger.h">
      <Filter>IO</Filter>
    </ClInclude>
    <ClInclude Include="IO\Log.h">
      <Filter>IO</Filter>
    </ClInclude>
    <ClInclude Include="Pools\GameObjectPool.h">
      <Filter>Pools</Filter>
    </ClInclude>
    <ClInclude Include="Pools\MaterialPool.h">
      <Filter>Pools</Filter>
    </ClInclude>
    <ClInclude Include="Pools\TexturePool.h">
      <Filter>Pools</Filter>
    </ClInclude>
    <ClInclude Include="Pools\ThreadPool.h">
      <Filter>Pools</Filter>
    </ClInclude>
    <ClInclude Include="Components\MeshRenderer.h">
      <Filter>Components</Filter>
    </ClInclude>
    <ClInclude Include="Scripting\Module.h">
      <Filter>Scripting</Filter>
    </ClInclude>
    <ClInclude Include="Components\Light.h">
      <Filter>Components</Filter>
    </ClInclude>
    <ClInclude Include="Components\RigidBody.h">
      <Filter>Components</Filter>
    </ClInclude>
    <ClInclude Include="Math\Quaternion.h">
      <Filter>Math</Filter>
    </ClInclude>
    <ClInclude Include="IO\Serializer.h">
      <Filter>IO</Filter>
    </ClInclude>
    <ClInclude Include="Components\Transform.h">
      <Filter>Components</Filter>
    </ClInclude>
    <ClInclude Include="Pools\ShaderPool.h">
      <Filter>Pools</Filter>
    </ClInclude>
    <ClInclude Include="Core\Scene.h">
      <Filter>Core</Filter>
    </ClInclude>
    <ClInclude Include="Graphics\Shaders\PostProcessShader.h">
      <Filter>Graphics\Shaders</Filter>
    </ClInclude>
    <ClInclude Include="Graphics\Shaders\ShaderVariation.h">
      <Filter>Graphics\Shaders</Filter>
    </ClInclude>
    <ClInclude Include="Math\MathHelper.h">
      <Filter>Math</Filter>
    </ClInclude>
    <ClInclude Include="IO\FileHelper.h">
      <Filter>IO</Filter>
    </ClInclude>
    <ClInclude Include="IO\dirent.h">
      <Filter>IO</Filter>
    </ClInclude>
    <ClInclude Include="Input\Input.h">
      <Filter>Input</Filter>
    </ClInclude>
    <ClInclude Include="Input\DX8Input.h">
      <Filter>Input</Filter>
    </ClInclude>
    <ClInclude Include="Loading\ModelLoader.h">
      <Filter>Loaders</Filter>
    </ClInclude>
    <ClInclude Include="Physics\PhysicsEngine.h">
      <Filter>Physics</Filter>
    </ClInclude>
    <ClInclude Include="Physics\PhysicsDebugDraw.h">
      <Filter>Physics</Filter>
    </ClInclude>
    <ClInclude Include="Core\Timer.h">
      <Filter>Core</Filter>
    </ClInclude>
    <ClInclude Include="Core\Texture.h">
      <Filter>Graphics</Filter>
    </ClInclude>
    <ClInclude Include="Pools\MeshPool.h">
      <Filter>Pools</Filter>
    </ClInclude>
    <ClInclude Include="Physics\BulletPhysicsHelper.h">
      <Filter>Physics</Filter>
    </ClInclude>
    <ClInclude Include="Core\Socket.h">
      <Filter>Core</Filter>
    </ClInclude>
    <ClInclude Include="Graphics\GBuffer.h">
      <Filter>Graphics</Filter>
    </ClInclude>
    <ClInclude Include="Math\Plane.h">
      <Filter>Math</Filter>
    </ClInclude>
    <ClInclude Include="Graphics\Renderer.h">
      <Filter>Graphics</Filter>
    </ClInclude>
    <ClInclude Include="Core\Engine.h">
      <Filter>Core</Filter>
    </ClInclude>
    <ClInclude Include="Loading\DDSTextureLoader.h" />
    <ClInclude Include="Core\MeshData.h">
      <Filter>Misc</Filter>
    </ClInclude>
    <ClInclude Include="Core\Globals.h">
      <Filter>Misc</Filter>
    </ClInclude>
    <ClInclude Include="Core\GUIDGenerator.h">
      <Filter>Misc</Filter>
    </ClInclude>
    <ClInclude Include="Core\Settings.h">
      <Filter>Misc</Filter>
    </ClInclude>
    <ClInclude Include="Core\Vertex.h">
      <Filter>Misc</Filter>
    </ClInclude>
  </ItemGroup>
  <ItemGroup>
    <Filter Include="Components">
      <UniqueIdentifier>{685d067e-fc89-49d8-b3f6-4e6ffcdbab76}</UniqueIdentifier>
    </Filter>
    <Filter Include="Math">
      <UniqueIdentifier>{805b0ba0-e028-42cf-9887-fc5bfb0c5081}</UniqueIdentifier>
    </Filter>
    <Filter Include="Physics">
      <UniqueIdentifier>{210e9803-acc6-40d2-8199-2bfacfda0277}</UniqueIdentifier>
    </Filter>
    <Filter Include="Core">
      <UniqueIdentifier>{d749cc0b-4320-40a5-865e-f642e59aba3f}</UniqueIdentifier>
    </Filter>
    <Filter Include="Pools">
      <UniqueIdentifier>{624130ab-511e-44e4-8461-908f33994bab}</UniqueIdentifier>
    </Filter>
    <Filter Include="Loaders">
      <UniqueIdentifier>{f7628643-6cce-4cea-a1e5-cb283e8cf428}</UniqueIdentifier>
    </Filter>
    <Filter Include="Scripting">
      <UniqueIdentifier>{ae60c162-2d13-406f-ae69-5d296a78ee48}</UniqueIdentifier>
    </Filter>
    <Filter Include="Input">
      <UniqueIdentifier>{5383c932-9213-461c-adc7-7a78a0f24c6a}</UniqueIdentifier>
    </Filter>
    <Filter Include="IO">
      <UniqueIdentifier>{d38a5535-1a84-48bb-9596-8a8ff7f78509}</UniqueIdentifier>
    </Filter>
    <Filter Include="Misc">
      <UniqueIdentifier>{7a949559-cc43-4e73-8798-aa8c5ba1208a}</UniqueIdentifier>
    </Filter>
    <Filter Include="Graphics">
      <UniqueIdentifier>{766e2826-07ae-41c3-9f64-644d40f41823}</UniqueIdentifier>
    </Filter>
    <Filter Include="Graphics\D3D11">
      <UniqueIdentifier>{d0d369c4-2b33-4151-a7b9-b6743ee3faea}</UniqueIdentifier>
    </Filter>
    <Filter Include="Graphics\Shaders">
      <UniqueIdentifier>{0a68aa52-63cf-42c3-810c-e9cd63e23ed9}</UniqueIdentifier>
    </Filter>
    <Filter Include="Assets">
      <UniqueIdentifier>{10d38e03-5742-4f87-9eaf-e4253e51984e}</UniqueIdentifier>
    </Filter>
  </ItemGroup>
  <ItemGroup>
    <FxCompile Include="Assets\Shaders\Color.hlsl">
      <Filter>Assets</Filter>
    </FxCompile>
    <FxCompile Include="Assets\Shaders\Debug.hlsl">
      <Filter>Assets</Filter>
    </FxCompile>
    <FxCompile Include="Assets\Shaders\Deferred.hlsl">
      <Filter>Assets</Filter>
    </FxCompile>
    <FxCompile Include="Assets\Shaders\Depth.hlsl">
      <Filter>Assets</Filter>
    </FxCompile>
    <FxCompile Include="Assets\Shaders\VolumetricLighting.hlsl">
      <Filter>Assets</Filter>
    </FxCompile>
    <FxCompile Include="Assets\Shaders\ToneMapping.hlsl">
      <Filter>Assets</Filter>
    </FxCompile>
    <FxCompile Include="Assets\Shaders\SSAO.hlsl">
      <Filter>Assets</Filter>
    </FxCompile>
    <FxCompile Include="Assets\Shaders\ShadowMapping.hlsl">
      <Filter>Assets</Filter>
    </FxCompile>
    <FxCompile Include="Assets\Shaders\Normal.hlsl">
      <Filter>Assets</Filter>
    </FxCompile>
    <FxCompile Include="Assets\Shaders\Helper.hlsl">
      <Filter>Assets</Filter>
    </FxCompile>
    <FxCompile Include="Assets\Shaders\GBuffer.hlsl">
      <Filter>Assets</Filter>
    </FxCompile>
    <FxCompile Include="Assets\Shaders\Godrays.hlsl">
      <Filter>Assets</Filter>
    </FxCompile>
    <FxCompile Include="Assets\Shaders\FXAA.hlsl">
      <Filter>Assets</Filter>
    </FxCompile>
    <FxCompile Include="Assets\Shaders\PBR.hlsl">
      <Filter>Assets</Filter>
    </FxCompile>
    <FxCompile Include="Assets\Shaders\PostProcess.hlsl">
      <Filter>Assets</Filter>
    </FxCompile>
  </ItemGroup>
  <ItemGroup>
    <Image Include="Assets\Shaders\noise.png">
      <Filter>Assets</Filter>
    </Image>
    <Image Include="Assets\Environment\environment.dds">
      <Filter>Assets</Filter>
    </Image>
    <Image Include="Assets\Environment\irradiance.dds">
      <Filter>Assets</Filter>
    </Image>
    <Image Include="Assets\screenshot.jpg">
      <Filter>Assets</Filter>
    </Image>
  </ItemGroup>
  <ItemGroup>
    <None Include="Assets\Scripts\FirstPersonController.dss">
      <Filter>Assets</Filter>
    </None>
    <None Include="Assets\Scripts\FirstPersonControllerPhysics.dss">
      <Filter>Assets</Filter>
    </None>
    <None Include="Assets\Scripts\MouseLook.dss">
      <Filter>Assets</Filter>
    </None>
  </ItemGroup>
  <ItemGroup>
    <Xml Include="Assets\Scripts\dss.xml">
      <Filter>Assets</Filter>
    </Xml>
  </ItemGroup>
</Project>