<?xml version="1.0" encoding="utf-8"?>
<Project ToolsVersion="4.0" xmlns="http://schemas.microsoft.com/developer/msbuild/2003">
  <ItemGroup>
    <Filter Include="Audio">
      <UniqueIdentifier>{9718D90C-032D-01BE-CCAE-A41D3882FDEE}</UniqueIdentifier>
    </Filter>
    <Filter Include="Components">
      <UniqueIdentifier>{6B7DD516-5735-1764-C03C-F0BFAC13B254}</UniqueIdentifier>
    </Filter>
    <Filter Include="Core">
      <UniqueIdentifier>{2EB4837C-1AEB-840D-C3D7-6A10AFED000F}</UniqueIdentifier>
    </Filter>
    <Filter Include="EventSystem">
      <UniqueIdentifier>{CCE875DF-389E-EED4-C192-E8AB2D47E5D8}</UniqueIdentifier>
    </Filter>
    <Filter Include="FileSystem">
      <UniqueIdentifier>{6A7A86EC-5632-C839-BF39-A195AB10632A}</UniqueIdentifier>
    </Filter>
    <Filter Include="Graphics">
      <UniqueIdentifier>{1653CE33-0220-293F-2B39-17E717655ECD}</UniqueIdentifier>
    </Filter>
    <Filter Include="Graphics\D3D11">
      <UniqueIdentifier>{82E20F88-6EB0-038E-5744-74B443B1DFF2}</UniqueIdentifier>
    </Filter>
    <Filter Include="Graphics\D3D12">
      <UniqueIdentifier>{83E20F88-6FB0-038E-5844-74B444B1DFF2}</UniqueIdentifier>
    </Filter>
    <Filter Include="Graphics\Shaders">
      <UniqueIdentifier>{EF2D07CC-DB26-261E-0459-0BA3F0B0052A}</UniqueIdentifier>
    </Filter>
    <Filter Include="IO">
      <UniqueIdentifier>{FD735900-E9FF-870B-52AE-880B3E59880B}</UniqueIdentifier>
    </Filter>
    <Filter Include="Input">
      <UniqueIdentifier>{953A660D-014F-8EBE-CAD0-311E36A48AEF}</UniqueIdentifier>
    </Filter>
    <Filter Include="Logging">
      <UniqueIdentifier>{AC6878E8-1848-F783-2160-825A8DBE5DE5}</UniqueIdentifier>
    </Filter>
    <Filter Include="Math">
      <UniqueIdentifier>{AFF4887C-9B2B-8A0D-4418-7010302E060F}</UniqueIdentifier>
    </Filter>
    <Filter Include="Multithreading">
      <UniqueIdentifier>{666567DF-5233-5BE5-3BC7-CB0B2734374A}</UniqueIdentifier>
    </Filter>
    <Filter Include="Physics">
      <UniqueIdentifier>{888B590D-F46A-D8A8-FD82-637F69E13E0A}</UniqueIdentifier>
    </Filter>
    <Filter Include="Resource">
      <UniqueIdentifier>{ED6CDF9B-D939-3AA7-0253-284FEE7E6F35}</UniqueIdentifier>
    </Filter>
    <Filter Include="Resource\Import">
      <UniqueIdentifier>{577EEDFD-C309-5BC2-CC1A-DEB63825B7C2}</UniqueIdentifier>
    </Filter>
    <Filter Include="Scripting">
      <UniqueIdentifier>{985A7358-04C5-27CF-4D03-D974B9AC0524}</UniqueIdentifier>
    </Filter>
    <Filter Include="Socket">
      <UniqueIdentifier>{0EEF8BD1-FA90-B6A7-E34B-CAFBCF8C3DF8}</UniqueIdentifier>
    </Filter>
  </ItemGroup>
  <ItemGroup>
    <ClInclude Include="Audio\Audio.h">
      <Filter>Audio</Filter>
    </ClInclude>
    <ClInclude Include="Audio\AudioClip.h">
      <Filter>Audio</Filter>
    </ClInclude>
    <ClInclude Include="Components\AudioListener.h">
      <Filter>Components</Filter>
    </ClInclude>
    <ClInclude Include="Components\AudioSource.h">
      <Filter>Components</Filter>
    </ClInclude>
    <ClInclude Include="Components\Camera.h">
      <Filter>Components</Filter>
    </ClInclude>
    <ClInclude Include="Components\Collider.h">
      <Filter>Components</Filter>
    </ClInclude>
    <ClInclude Include="Components\Hinge.h">
      <Filter>Components</Filter>
    </ClInclude>
    <ClInclude Include="Components\IComponent.h">
      <Filter>Components</Filter>
    </ClInclude>
    <ClInclude Include="Components\Light.h">
      <Filter>Components</Filter>
    </ClInclude>
    <ClInclude Include="Components\LineRenderer.h">
      <Filter>Components</Filter>
    </ClInclude>
    <ClInclude Include="Components\MeshCollider.h">
      <Filter>Components</Filter>
    </ClInclude>
    <ClInclude Include="Components\MeshFilter.h">
      <Filter>Components</Filter>
    </ClInclude>
    <ClInclude Include="Components\MeshRenderer.h">
      <Filter>Components</Filter>
    </ClInclude>
    <ClInclude Include="Components\RigidBody.h">
      <Filter>Components</Filter>
    </ClInclude>
    <ClInclude Include="Components\Script.h">
      <Filter>Components</Filter>
    </ClInclude>
    <ClInclude Include="Components\Skybox.h">
      <Filter>Components</Filter>
    </ClInclude>
    <ClInclude Include="Components\Transform.h">
      <Filter>Components</Filter>
    </ClInclude>
    <ClInclude Include="Core\Context.h">
      <Filter>Core</Filter>
    </ClInclude>
    <ClInclude Include="Core\Engine.h">
      <Filter>Core</Filter>
    </ClInclude>
    <ClInclude Include="Core\GUIDGenerator.h">
      <Filter>Core</Filter>
    </ClInclude>
    <ClInclude Include="Core\GameObject.h">
      <Filter>Core</Filter>
    </ClInclude>
    <ClInclude Include="Core\Helper.h">
      <Filter>Core</Filter>
    </ClInclude>
    <ClInclude Include="Core\Scene.h">
      <Filter>Core</Filter>
    </ClInclude>
    <ClInclude Include="Core\Settings.h">
      <Filter>Core</Filter>
    </ClInclude>
    <ClInclude Include="Core\SubSystem.h">
      <Filter>Core</Filter>
    </ClInclude>
    <ClInclude Include="Core\Timer.h">
      <Filter>Core</Filter>
    </ClInclude>
    <ClInclude Include="EventSystem\EventHandler.h">
      <Filter>EventSystem</Filter>
    </ClInclude>
    <ClInclude Include="FileSystem\FileSystem.h">
      <Filter>FileSystem</Filter>
    </ClInclude>
    <ClInclude Include="FileSystem\dirent.h">
      <Filter>FileSystem</Filter>
    </ClInclude>
    <ClInclude Include="Graphics\D3D11\D3D11ConstantBuffer.h">
      <Filter>Graphics\D3D11</Filter>
    </ClInclude>
    <ClInclude Include="Graphics\D3D11\D3D11GraphicsDevice.h">
      <Filter>Graphics\D3D11</Filter>
    </ClInclude>
    <ClInclude Include="Graphics\D3D11\D3D11IndexBuffer.h">
      <Filter>Graphics\D3D11</Filter>
    </ClInclude>
    <ClInclude Include="Graphics\D3D11\D3D11InputLayout.h">
      <Filter>Graphics\D3D11</Filter>
    </ClInclude>
    <ClInclude Include="Graphics\D3D11\D3D11RenderTexture.h">
      <Filter>Graphics\D3D11</Filter>
    </ClInclude>
    <ClInclude Include="Graphics\D3D11\D3D11Sampler.h">
      <Filter>Graphics\D3D11</Filter>
    </ClInclude>
    <ClInclude Include="Graphics\D3D11\D3D11Shader.h">
      <Filter>Graphics\D3D11</Filter>
    </ClInclude>
    <ClInclude Include="Graphics\D3D11\D3D11Texture.h">
      <Filter>Graphics\D3D11</Filter>
    </ClInclude>
    <ClInclude Include="Graphics\D3D11\D3D11VertexBuffer.h">
      <Filter>Graphics\D3D11</Filter>
    </ClInclude>
    <ClInclude Include="Graphics\D3D12\D3D12GraphicsDevice.h">
      <Filter>Graphics\D3D12</Filter>
    </ClInclude>
    <ClInclude Include="Graphics\D3D12\D3D12Texture.h">
      <Filter>Graphics\D3D12</Filter>
    </ClInclude>
    <ClInclude Include="Graphics\D3D12\d3dx12.h">
      <Filter>Graphics\D3D12</Filter>
    </ClInclude>
    <ClInclude Include="Graphics\FullScreenQuad.h">
      <Filter>Graphics</Filter>
    </ClInclude>
    <ClInclude Include="Graphics\GBuffer.h">
      <Filter>Graphics</Filter>
    </ClInclude>
    <ClInclude Include="Graphics\GraphicsDefinitions.h">
      <Filter>Graphics</Filter>
    </ClInclude>
    <ClInclude Include="Graphics\IGraphicsDevice.h">
      <Filter>Graphics</Filter>
    </ClInclude>
    <ClInclude Include="Graphics\Material.h">
      <Filter>Graphics</Filter>
    </ClInclude>
    <ClInclude Include="Graphics\Mesh.h">
      <Filter>Graphics</Filter>
    </ClInclude>
    <ClInclude Include="Graphics\Model.h">
      <Filter>Graphics</Filter>
    </ClInclude>
    <ClInclude Include="Graphics\Renderer.h">
      <Filter>Graphics</Filter>
    </ClInclude>
    <ClInclude Include="Graphics\Shaders\DebugShader.h">
      <Filter>Graphics\Shaders</Filter>
    </ClInclude>
    <ClInclude Include="Graphics\Shaders\DeferredShader.h">
      <Filter>Graphics\Shaders</Filter>
    </ClInclude>
    <ClInclude Include="Graphics\Shaders\DepthShader.h">
      <Filter>Graphics\Shaders</Filter>
    </ClInclude>
    <ClInclude Include="Graphics\Shaders\PostProcessShader.h">
      <Filter>Graphics\Shaders</Filter>
    </ClInclude>
    <ClInclude Include="Graphics\Shaders\ShaderVariation.h">
      <Filter>Graphics\Shaders</Filter>
    </ClInclude>
    <ClInclude Include="Graphics\Shaders\ShadowMappingShader.h">
      <Filter>Graphics\Shaders</Filter>
    </ClInclude>
    <ClInclude Include="Graphics\Texture.h">
      <Filter>Graphics</Filter>
    </ClInclude>
    <ClInclude Include="Graphics\Vertex.h">
      <Filter>Graphics</Filter>
    </ClInclude>
    <ClInclude Include="IO\Serializer.h">
      <Filter>IO</Filter>
    </ClInclude>
    <ClInclude Include="Input\DX8Input.h">
      <Filter>Input</Filter>
    </ClInclude>
    <ClInclude Include="Input\Input.h">
      <Filter>Input</Filter>
    </ClInclude>
    <ClInclude Include="Logging\ILogger.h">
      <Filter>Logging</Filter>
    </ClInclude>
    <ClInclude Include="Logging\Log.h">
      <Filter>Logging</Filter>
    </ClInclude>
    <ClInclude Include="Math\Frustrum.h">
      <Filter>Math</Filter>
    </ClInclude>
    <ClInclude Include="Math\MathHelper.h">
      <Filter>Math</Filter>
    </ClInclude>
    <ClInclude Include="Math\Matrix.h">
      <Filter>Math</Filter>
    </ClInclude>
    <ClInclude Include="Math\Plane.h">
      <Filter>Math</Filter>
    </ClInclude>
    <ClInclude Include="Math\Quaternion.h">
      <Filter>Math</Filter>
    </ClInclude>
    <ClInclude Include="Math\Vector2.h">
      <Filter>Math</Filter>
    </ClInclude>
    <ClInclude Include="Math\Vector3.h">
      <Filter>Math</Filter>
    </ClInclude>
    <ClInclude Include="Math\Vector4.h">
      <Filter>Math</Filter>
    </ClInclude>
    <ClInclude Include="Multithreading\ThreadPool.h">
      <Filter>Multithreading</Filter>
    </ClInclude>
    <ClInclude Include="Physics\BulletPhysicsHelper.h">
      <Filter>Physics</Filter>
    </ClInclude>
    <ClInclude Include="Physics\PhysicsDebugDraw.h">
      <Filter>Physics</Filter>
    </ClInclude>
    <ClInclude Include="Physics\PhysicsWorld.h">
      <Filter>Physics</Filter>
    </ClInclude>
    <ClInclude Include="Resource\Import\DDSTextureImporter.h">
      <Filter>Resource\Import</Filter>
    </ClInclude>
    <ClInclude Include="Resource\Import\ImageImporter.h">
      <Filter>Resource\Import</Filter>
    </ClInclude>
    <ClInclude Include="Resource\Import\ModelImporter.h">
      <Filter>Resource\Import</Filter>
    </ClInclude>
    <ClInclude Include="Resource\Resource.h">
      <Filter>Resource</Filter>
    </ClInclude>
    <ClInclude Include="Resource\ResourceCache.h">
      <Filter>Resource</Filter>
    </ClInclude>
    <ClInclude Include="Resource\ResourceManager.h">
      <Filter>Resource</Filter>
    </ClInclude>
    <ClInclude Include="Scripting\Module.h">
      <Filter>Scripting</Filter>
    </ClInclude>
    <ClInclude Include="Scripting\ScriptEngine.h">
      <Filter>Scripting</Filter>
    </ClInclude>
    <ClInclude Include="Scripting\ScriptInstance.h">
      <Filter>Scripting</Filter>
    </ClInclude>
    <ClInclude Include="Scripting\ScriptInterface.h">
      <Filter>Scripting</Filter>
    </ClInclude>
    <ClInclude Include="Socket\Socket.h">
      <Filter>Socket</Filter>
    </ClInclude>
  </ItemGroup>
  <ItemGroup>
    <ClCompile Include="Audio\Audio.cpp">
      <Filter>Audio</Filter>
    </ClCompile>
    <ClCompile Include="Audio\AudioClip.cpp">
      <Filter>Audio</Filter>
    </ClCompile>
    <ClCompile Include="Components\AudioListener.cpp">
      <Filter>Components</Filter>
    </ClCompile>
    <ClCompile Include="Components\AudioSource.cpp">
      <Filter>Components</Filter>
    </ClCompile>
    <ClCompile Include="Components\Camera.cpp">
      <Filter>Components</Filter>
    </ClCompile>
    <ClCompile Include="Components\Collider.cpp">
      <Filter>Components</Filter>
    </ClCompile>
    <ClCompile Include="Components\Hinge.cpp">
      <Filter>Components</Filter>
    </ClCompile>
    <ClCompile Include="Components\Light.cpp">
      <Filter>Components</Filter>
    </ClCompile>
    <ClCompile Include="Components\LineRenderer.cpp">
      <Filter>Components</Filter>
    </ClCompile>
    <ClCompile Include="Components\MeshCollider.cpp">
      <Filter>Components</Filter>
    </ClCompile>
    <ClCompile Include="Components\MeshFilter.cpp">
      <Filter>Components</Filter>
    </ClCompile>
    <ClCompile Include="Components\MeshRenderer.cpp">
      <Filter>Components</Filter>
    </ClCompile>
    <ClCompile Include="Components\RigidBody.cpp">
      <Filter>Components</Filter>
    </ClCompile>
    <ClCompile Include="Components\Script.cpp">
      <Filter>Components</Filter>
    </ClCompile>
    <ClCompile Include="Components\Skybox.cpp">
      <Filter>Components</Filter>
    </ClCompile>
    <ClCompile Include="Components\Transform.cpp">
      <Filter>Components</Filter>
    </ClCompile>
    <ClCompile Include="Core\Context.cpp">
      <Filter>Core</Filter>
    </ClCompile>
    <ClCompile Include="Core\Engine.cpp">
      <Filter>Core</Filter>
    </ClCompile>
    <ClCompile Include="Core\GUIDGenerator.cpp">
      <Filter>Core</Filter>
    </ClCompile>
    <ClCompile Include="Core\GameObject.cpp">
      <Filter>Core</Filter>
    </ClCompile>
    <ClCompile Include="Core\Scene.cpp">
      <Filter>Core</Filter>
    </ClCompile>
    <ClCompile Include="Core\Settings.cpp">
      <Filter>Core</Filter>
    </ClCompile>
    <ClCompile Include="Core\SubSystem.cpp">
      <Filter>Core</Filter>
    </ClCompile>
    <ClCompile Include="Core\Timer.cpp">
      <Filter>Core</Filter>
    </ClCompile>
    <ClCompile Include="EventSystem\EventHandler.cpp">
      <Filter>EventSystem</Filter>
    </ClCompile>
    <ClCompile Include="FileSystem\FileSystem.cpp">
      <Filter>FileSystem</Filter>
    </ClCompile>
    <ClCompile Include="Graphics\D3D11\D3D11ConstantBuffer.cpp">
      <Filter>Graphics\D3D11</Filter>
    </ClCompile>
    <ClCompile Include="Graphics\D3D11\D3D11GraphicsDevice.cpp">
      <Filter>Graphics\D3D11</Filter>
    </ClCompile>
    <ClCompile Include="Graphics\D3D11\D3D11IndexBuffer.cpp">
      <Filter>Graphics\D3D11</Filter>
    </ClCompile>
    <ClCompile Include="Graphics\D3D11\D3D11InputLayout.cpp">
      <Filter>Graphics\D3D11</Filter>
    </ClCompile>
    <ClCompile Include="Graphics\D3D11\D3D11RenderTexture.cpp">
      <Filter>Graphics\D3D11</Filter>
    </ClCompile>
    <ClCompile Include="Graphics\D3D11\D3D11Sampler.cpp">
      <Filter>Graphics\D3D11</Filter>
    </ClCompile>
    <ClCompile Include="Graphics\D3D11\D3D11Shader.cpp">
      <Filter>Graphics\D3D11</Filter>
    </ClCompile>
    <ClCompile Include="Graphics\D3D11\D3D11Texture.cpp">
      <Filter>Graphics\D3D11</Filter>
    </ClCompile>
    <ClCompile Include="Graphics\D3D11\D3D11VertexBuffer.cpp">
      <Filter>Graphics\D3D11</Filter>
    </ClCompile>
    <ClCompile Include="Graphics\D3D12\D3D12GraphicsDevice.cpp">
      <Filter>Graphics\D3D12</Filter>
    </ClCompile>
    <ClCompile Include="Graphics\D3D12\D3D12Texture.cpp">
      <Filter>Graphics\D3D12</Filter>
    </ClCompile>
    <ClCompile Include="Graphics\FullScreenQuad.cpp">
      <Filter>Graphics</Filter>
    </ClCompile>
    <ClCompile Include="Graphics\GBuffer.cpp">
      <Filter>Graphics</Filter>
    </ClCompile>
    <ClCompile Include="Graphics\Material.cpp">
      <Filter>Graphics</Filter>
    </ClCompile>
    <ClCompile Include="Graphics\Mesh.cpp">
      <Filter>Graphics</Filter>
    </ClCompile>
    <ClCompile Include="Graphics\Model.cpp">
      <Filter>Graphics</Filter>
    </ClCompile>
    <ClCompile Include="Graphics\Renderer.cpp">
      <Filter>Graphics</Filter>
    </ClCompile>
    <ClCompile Include="Graphics\Shaders\DebugShader.cpp">
      <Filter>Graphics\Shaders</Filter>
    </ClCompile>
    <ClCompile Include="Graphics\Shaders\DeferredShader.cpp">
      <Filter>Graphics\Shaders</Filter>
    </ClCompile>
    <ClCompile Include="Graphics\Shaders\DepthShader.cpp">
      <Filter>Graphics\Shaders</Filter>
    </ClCompile>
    <ClCompile Include="Graphics\Shaders\PostProcessShader.cpp">
      <Filter>Graphics\Shaders</Filter>
    </ClCompile>
    <ClCompile Include="Graphics\Shaders\ShaderVariation.cpp">
      <Filter>Graphics\Shaders</Filter>
    </ClCompile>
    <ClCompile Include="Graphics\Shaders\ShadowMappingShader.cpp">
      <Filter>Graphics\Shaders</Filter>
    </ClCompile>
    <ClCompile Include="Graphics\Texture.cpp">
      <Filter>Graphics</Filter>
    </ClCompile>
    <ClCompile Include="IO\Serializer.cpp">
      <Filter>IO</Filter>
    </ClCompile>
    <ClCompile Include="Input\DX8Input.cpp">
      <Filter>Input</Filter>
    </ClCompile>
    <ClCompile Include="Input\Input.cpp">
      <Filter>Input</Filter>
    </ClCompile>
    <ClCompile Include="Logging\Log.cpp">
      <Filter>Logging</Filter>
    </ClCompile>
    <ClCompile Include="Math\Frustrum.cpp">
      <Filter>Math</Filter>
    </ClCompile>
    <ClCompile Include="Math\Matrix.cpp">
      <Filter>Math</Filter>
    </ClCompile>
    <ClCompile Include="Math\Plane.cpp">
      <Filter>Math</Filter>
    </ClCompile>
    <ClCompile Include="Math\Quaternion.cpp">
      <Filter>Math</Filter>
    </ClCompile>
    <ClCompile Include="Math\Vector2.cpp">
      <Filter>Math</Filter>
    </ClCompile>
    <ClCompile Include="Math\Vector3.cpp">
      <Filter>Math</Filter>
    </ClCompile>
    <ClCompile Include="Math\Vector4.cpp">
      <Filter>Math</Filter>
    </ClCompile>
    <ClCompile Include="Multithreading\ThreadPool.cpp">
      <Filter>Multithreading</Filter>
    </ClCompile>
    <ClCompile Include="Physics\PhysicsDebugDraw.cpp">
      <Filter>Physics</Filter>
    </ClCompile>
    <ClCompile Include="Physics\PhysicsWorld.cpp">
      <Filter>Physics</Filter>
    </ClCompile>
    <ClCompile Include="Resource\Import\DDSTextureImporter.cpp">
      <Filter>Resource\Import</Filter>
    </ClCompile>
    <ClCompile Include="Resource\Import\ImageImporter.cpp">
      <Filter>Resource\Import</Filter>
    </ClCompile>
    <ClCompile Include="Resource\Import\ModelImporter.cpp">
      <Filter>Resource\Import</Filter>
    </ClCompile>
    <ClCompile Include="Resource\ResourceManager.cpp">
      <Filter>Resource</Filter>
    </ClCompile>
    <ClCompile Include="Scripting\Module.cpp">
      <Filter>Scripting</Filter>
    </ClCompile>
    <ClCompile Include="Scripting\ScriptEngine.cpp">
      <Filter>Scripting</Filter>
    </ClCompile>
    <ClCompile Include="Scripting\ScriptInstance.cpp">
      <Filter>Scripting</Filter>
    </ClCompile>
    <ClCompile Include="Scripting\ScriptInterface.cpp">
      <Filter>Scripting</Filter>
    </ClCompile>
    <ClCompile Include="Socket\Socket.cpp">
      <Filter>Socket</Filter>
    </ClCompile>
  </ItemGroup>
</Project>