<?xml version="1.0" encoding="utf-8"?>
<Project ToolsVersion="4.0" xmlns="http://schemas.microsoft.com/developer/msbuild/2003">
  <ItemGroup>
    <Filter Include="Form Files">
      <UniqueIdentifier>{99349809-55BA-4b9d-BF79-8FDBB0286EB3}</UniqueIdentifier>
      <Extensions>ui</Extensions>
      <ParseFiles>false</ParseFiles>
    </Filter>
    <Filter Include="Form Files">
      <UniqueIdentifier>{99349809-55BA-4b9d-BF79-8FDBB0286EB3}</UniqueIdentifier>
      <Extensions>ui</Extensions>
      <ParseFiles>false</ParseFiles>
    </Filter>
    <Filter Include="Generated Files">
      <UniqueIdentifier>{71ED8ED8-ACB9-4CE9-BBE1-E00B30144E11}</UniqueIdentifier>
      <Extensions>cpp;c;cxx;moc;h;def;odl;idl;res;</Extensions>
    </Filter>
    <Filter Include="Generated Files">
      <UniqueIdentifier>{71ED8ED8-ACB9-4CE9-BBE1-E00B30144E11}</UniqueIdentifier>
      <Extensions>cpp;c;cxx;moc;h;def;odl;idl;res;</Extensions>
    </Filter>
    <Filter Include="Header Files">
      <UniqueIdentifier>{93995380-89BD-4b04-88EB-625FBE52EBFB}</UniqueIdentifier>
      <Extensions>h;hpp;hxx;hm;inl;inc;xsd</Extensions>
    </Filter>
    <Filter Include="Header Files">
      <UniqueIdentifier>{93995380-89BD-4b04-88EB-625FBE52EBFB}</UniqueIdentifier>
      <Extensions>h;hpp;hxx;hm;inl;inc;xsd</Extensions>
    </Filter>
    <Filter Include="Resource Files">
      <UniqueIdentifier>{D9D6E242-F8AF-46E4-B9FD-80ECBC20BA3E}</UniqueIdentifier>
      <Extensions>qrc;*</Extensions>
      <ParseFiles>false</ParseFiles>
    </Filter>
    <Filter Include="Resource Files">
      <UniqueIdentifier>{D9D6E242-F8AF-46E4-B9FD-80ECBC20BA3E}</UniqueIdentifier>
      <Extensions>qrc;*</Extensions>
      <ParseFiles>false</ParseFiles>
    </Filter>
    <Filter Include="Source Files">
      <UniqueIdentifier>{4FC737F1-C7A5-4376-A066-2A32D752A2FF}</UniqueIdentifier>
      <Extensions>cpp;c;cxx;def;odl;idl;hpj;bat;asm;asmx</Extensions>
    </Filter>
    <Filter Include="Source Files">
      <UniqueIdentifier>{4FC737F1-C7A5-4376-A066-2A32D752A2FF}</UniqueIdentifier>
      <Extensions>cpp;c;cxx;def;odl;idl;hpj;bat;asm;asmx</Extensions>
    </Filter>
  </ItemGroup>
  <ItemGroup>
    <ClCompile Include="AboutDialog.cpp">
      <Filter>Source Files</Filter>
    </ClCompile>
    <ClCompile Include="DirectusAdjustLabel.cpp">
      <Filter>Source Files</Filter>
    </ClCompile>
    <ClCompile Include="DirectusAssetLoader.cpp">
      <Filter>Source Files</Filter>
    </ClCompile>
    <ClCompile Include="DirectusCamera.cpp">
      <Filter>Source Files</Filter>
    </ClCompile>
    <ClCompile Include="DirectusCollider.cpp">
      <Filter>Source Files</Filter>
    </ClCompile>
    <ClCompile Include="DirectusColorPicker.cpp">
      <Filter>Source Files</Filter>
    </ClCompile>
    <ClCompile Include="DirectusComboLabelText.cpp">
      <Filter>Source Files</Filter>
    </ClCompile>
    <ClCompile Include="DirectusComboSliderText.cpp">
      <Filter>Source Files</Filter>
    </ClCompile>
    <ClCompile Include="DirectusConsole.cpp">
      <Filter>Source Files</Filter>
    </ClCompile>
    <ClCompile Include="DirectusCore.cpp">
      <Filter>Source Files</Filter>
    </ClCompile>
    <ClCompile Include="DirectusDirExplorer.cpp">
      <Filter>Source Files</Filter>
    </ClCompile>
    <ClCompile Include="DirectusDropDownButton.cpp">
      <Filter>Source Files</Filter>
    </ClCompile>
    <ClCompile Include="DirectusFileDialog.cpp">
      <Filter>Source Files</Filter>
    </ClCompile>
    <ClCompile Include="DirectusFileExplorer.cpp">
      <Filter>Source Files</Filter>
    </ClCompile>
    <ClCompile Include="DirectusHierarchy.cpp">
      <Filter>Source Files</Filter>
    </ClCompile>
    <ClCompile Include="DirectusIconProvider.cpp">
      <Filter>Source Files</Filter>
    </ClCompile>
    <ClCompile Include="DirectusInspector.cpp">
      <Filter>Source Files</Filter>
    </ClCompile>
    <ClCompile Include="DirectusLight.cpp">
      <Filter>Source Files</Filter>
    </ClCompile>
    <ClCompile Include="DirectusMaterial.cpp">
      <Filter>Source Files</Filter>
    </ClCompile>
    <ClCompile Include="DirectusMeshCollider.cpp">
      <Filter>Source Files</Filter>
    </ClCompile>
    <ClCompile Include="DirectusMeshFilter.cpp">
      <Filter>Source Files</Filter>
    </ClCompile>
    <ClCompile Include="DirectusMeshRenderer.cpp">
      <Filter>Source Files</Filter>
    </ClCompile>
    <ClCompile Include="DirectusPlayButton.cpp">
      <Filter>Source Files</Filter>
    </ClCompile>
    <ClCompile Include="DirectusProgressBar.cpp">
      <Filter>Source Files</Filter>
    </ClCompile>
    <ClCompile Include="DirectusRigidBody.cpp">
      <Filter>Source Files</Filter>
    </ClCompile>
    <ClCompile Include="DirectusScript.cpp">
      <Filter>Source Files</Filter>
    </ClCompile>
    <ClCompile Include="DirectusStatsLabel.cpp">
      <Filter>Source Files</Filter>
    </ClCompile>
    <ClCompile Include="DirectusTransform.cpp">
      <Filter>Source Files</Filter>
    </ClCompile>
    <ClCompile Include="editor.cpp">
      <Filter>Source Files</Filter>
    </ClCompile>
    <ClCompile Include="main.cpp">
      <Filter>Source Files</Filter>
    </ClCompile>
  </ItemGroup>
  <ItemGroup>
    <CustomBuild Include="AboutDialog.h">
      <Filter>Header Files</Filter>
    </CustomBuild>
    <CustomBuild Include="DirectusAdjustLabel.h">
      <Filter>Header Files</Filter>
    </CustomBuild>
    <CustomBuild Include="DirectusAssetLoader.h">
      <Filter>Header Files</Filter>
    </CustomBuild>
    <CustomBuild Include="DirectusCamera.h">
      <Filter>Header Files</Filter>
    </CustomBuild>
    <CustomBuild Include="DirectusCollider.h">
      <Filter>Header Files</Filter>
    </CustomBuild>
    <CustomBuild Include="DirectusColorPicker.h">
      <Filter>Header Files</Filter>
    </CustomBuild>
    <CustomBuild Include="DirectusComboLabelText.h">
      <Filter>Header Files</Filter>
    </CustomBuild>
    <CustomBuild Include="DirectusComboSliderText.h">
      <Filter>Header Files</Filter>
    </CustomBuild>
    <CustomBuild Include="DirectusConsole.h">
      <Filter>Header Files</Filter>
    </CustomBuild>
    <CustomBuild Include="DirectusCore.h">
      <Filter>Header Files</Filter>
    </CustomBuild>
    <CustomBuild Include="DirectusDirExplorer.h">
      <Filter>Header Files</Filter>
    </CustomBuild>
    <CustomBuild Include="DirectusDropDownButton.h">
      <Filter>Header Files</Filter>
    </CustomBuild>
    <CustomBuild Include="DirectusFileDialog.h">
      <Filter>Header Files</Filter>
    </CustomBuild>
    <CustomBuild Include="DirectusFileExplorer.h">
      <Filter>Header Files</Filter>
    </CustomBuild>
    <CustomBuild Include="DirectusHierarchy.h">
      <Filter>Header Files</Filter>
    </CustomBuild>
    <ClInclude Include="DirectusIconProvider.h">
      <Filter>Header Files</Filter>
    </ClInclude>
    <CustomBuild Include="DirectusInspector.h">
      <Filter>Header Files</Filter>
    </CustomBuild>
    <CustomBuild Include="DirectusLight.h">
      <Filter>Header Files</Filter>
    </CustomBuild>
    <CustomBuild Include="DirectusMaterial.h">
      <Filter>Header Files</Filter>
    </CustomBuild>
    <CustomBuild Include="DirectusMeshCollider.h">
      <Filter>Header Files</Filter>
    </CustomBuild>
    <CustomBuild Include="DirectusMeshFilter.h">
      <Filter>Header Files</Filter>
    </CustomBuild>
    <CustomBuild Include="DirectusMeshRenderer.h">
      <Filter>Header Files</Filter>
    </CustomBuild>
    <CustomBuild Include="DirectusPlayButton.h">
      <Filter>Header Files</Filter>
    </CustomBuild>
    <CustomBuild Include="DirectusProgressBar.h">
      <Filter>Header Files</Filter>
    </CustomBuild>
    <ClInclude Include="DirectusQVariantPacker.h">
      <Filter>Header Files</Filter>
    </ClInclude>
    <CustomBuild Include="DirectusRigidBody.h">
      <Filter>Header Files</Filter>
    </CustomBuild>
    <CustomBuild Include="DirectusScript.h">
      <Filter>Header Files</Filter>
    </CustomBuild>
    <CustomBuild Include="DirectusStatsLabel.h">
      <Filter>Header Files</Filter>
    </CustomBuild>
    <CustomBuild Include="DirectusTexture.h">
      <Filter>Header Files</Filter>
    </CustomBuild>
    <CustomBuild Include="DirectusTransform.h">
      <Filter>Header Files</Filter>
    </CustomBuild>
    <CustomBuild Include="editor.h">
      <Filter>Header Files</Filter>
    </CustomBuild>
  </ItemGroup>
  <ItemGroup>
    <ClCompile Include="..\..\Binaries\MOCFiles\moc_AboutDialog.cpp">
      <Filter>Generated Files</Filter>
    </ClCompile>
    <ClCompile Include="..\..\Binaries\MOCFiles\moc_DirectusAdjustLabel.cpp">
      <Filter>Generated Files</Filter>
    </ClCompile>
    <ClCompile Include="..\..\Binaries\MOCFiles\moc_DirectusAssetLoader.cpp">
      <Filter>Generated Files</Filter>
    </ClCompile>
    <ClCompile Include="..\..\Binaries\MOCFiles\moc_DirectusCamera.cpp">
      <Filter>Generated Files</Filter>
    </ClCompile>
    <ClCompile Include="..\..\Binaries\MOCFiles\moc_DirectusCollider.cpp">
      <Filter>Generated Files</Filter>
    </ClCompile>
    <ClCompile Include="..\..\Binaries\MOCFiles\moc_DirectusColorPicker.cpp">
      <Filter>Generated Files</Filter>
    </ClCompile>
    <ClCompile Include="..\..\Binaries\MOCFiles\moc_DirectusComboLabelText.cpp">
      <Filter>Generated Files</Filter>
    </ClCompile>
    <ClCompile Include="..\..\Binaries\MOCFiles\moc_DirectusComboSliderText.cpp">
      <Filter>Generated Files</Filter>
    </ClCompile>
    <ClCompile Include="..\..\Binaries\MOCFiles\moc_DirectusConsole.cpp">
      <Filter>Generated Files</Filter>
    </ClCompile>
    <ClCompile Include="..\..\Binaries\MOCFiles\moc_DirectusCore.cpp">
      <Filter>Generated Files</Filter>
    </ClCompile>
    <ClCompile Include="..\..\Binaries\MOCFiles\moc_DirectusDirExplorer.cpp">
      <Filter>Generated Files</Filter>
    </ClCompile>
    <ClCompile Include="..\..\Binaries\MOCFiles\moc_DirectusDropDownButton.cpp">
      <Filter>Generated Files</Filter>
    </ClCompile>
    <ClCompile Include="..\..\Binaries\MOCFiles\moc_DirectusFileDialog.cpp">
      <Filter>Generated Files</Filter>
    </ClCompile>
    <ClCompile Include="..\..\Binaries\MOCFiles\moc_DirectusFileExplorer.cpp">
      <Filter>Generated Files</Filter>
    </ClCompile>
    <ClCompile Include="..\..\Binaries\MOCFiles\moc_DirectusHierarchy.cpp">
      <Filter>Generated Files</Filter>
    </ClCompile>
    <ClCompile Include="..\..\Binaries\MOCFiles\moc_DirectusInspector.cpp">
      <Filter>Generated Files</Filter>
    </ClCompile>
    <ClCompile Include="..\..\Binaries\MOCFiles\moc_DirectusLight.cpp">
      <Filter>Generated Files</Filter>
    </ClCompile>
    <ClCompile Include="..\..\Binaries\MOCFiles\moc_DirectusMaterial.cpp">
      <Filter>Generated Files</Filter>
    </ClCompile>
    <ClCompile Include="..\..\Binaries\MOCFiles\moc_DirectusMeshCollider.cpp">
      <Filter>Generated Files</Filter>
    </ClCompile>
    <ClCompile Include="..\..\Binaries\MOCFiles\moc_DirectusMeshFilter.cpp">
      <Filter>Generated Files</Filter>
    </ClCompile>
    <ClCompile Include="..\..\Binaries\MOCFiles\moc_DirectusMeshRenderer.cpp">
      <Filter>Generated Files</Filter>
    </ClCompile>
    <ClCompile Include="..\..\Binaries\MOCFiles\moc_DirectusPlayButton.cpp">
      <Filter>Generated Files</Filter>
    </ClCompile>
    <ClCompile Include="..\..\Binaries\MOCFiles\moc_DirectusProgressBar.cpp">
      <Filter>Generated Files</Filter>
    </ClCompile>
    <ClCompile Include="..\..\Binaries\MOCFiles\moc_DirectusRigidBody.cpp">
      <Filter>Generated Files</Filter>
    </ClCompile>
    <ClCompile Include="..\..\Binaries\MOCFiles\moc_DirectusScript.cpp">
      <Filter>Generated Files</Filter>
    </ClCompile>
    <ClCompile Include="..\..\Binaries\MOCFiles\moc_DirectusStatsLabel.cpp">
      <Filter>Generated Files</Filter>
    </ClCompile>
    <ClCompile Include="..\..\Binaries\MOCFiles\moc_DirectusTransform.cpp">
      <Filter>Generated Files</Filter>
    </ClCompile>
    <ClCompile Include="..\..\Binaries\MOCFiles\moc_editor.cpp">
      <Filter>Generated Files</Filter>
    </ClCompile>
    <ClCompile Include="..\..\Binaries\RCCFiles\qrc_images.cpp">
      <Filter>Generated Files</Filter>
    </ClCompile>
    <ClInclude Include="..\..\Binaries\UICFiles\ui_AboutDialog.h">
      <Filter>Generated Files</Filter>
    </ClInclude>
    <ClInclude Include="..\..\Binaries\UICFiles\ui_AssetLoadingDialog.h">
      <Filter>Generated Files</Filter>
    </ClInclude>
    <ClInclude Include="..\..\Binaries\UICFiles\ui_editor.h">
      <Filter>Generated Files</Filter>
    </ClInclude>
  </ItemGroup>
  <ItemGroup>
    <CustomBuild Include="AboutDialog.ui">
      <Filter>Form Files</Filter>
    </CustomBuild>
    <CustomBuild Include="AssetLoadingDialog.ui">
      <Filter>Form Files</Filter>
    </CustomBuild>
    <CustomBuild Include="editor.ui">
      <Filter>Form Files</Filter>
    </CustomBuild>
  </ItemGroup>
  <ItemGroup>
    <None Include="Images\arrow.png">
      <Filter>Resource Files</Filter>
    </None>
    <None Include="Images\arrowDown.png">
      <Filter>Resource Files</Filter>
    </None>
    <None Include="Images\arrowLeft.png">
      <Filter>Resource Files</Filter>
    </None>
    <None Include="Images\arrowRight.png">
      <Filter>Resource Files</Filter>
    </None>
    <None Include="Images\arrowUp.png">
      <Filter>Resource Files</Filter>
    </None>
    <None Include="Images\camera.png">
      <Filter>Resource Files</Filter>
    </None>
    <None Include="Images\check.png">
      <Filter>Resource Files</Filter>
    </None>
    <None Include="Images\collider.png">
      <Filter>Resource Files</Filter>
    </None>
    <None Include="Images\componentOptions.png">
      <Filter>Resource Files</Filter>
    </None>
    <None Include="Images\file.png">
      <Filter>Resource Files</Filter>
    </None>
    <None Include="Images\folder.png">
      <Filter>Resource Files</Filter>
    </None>
    <None Include="Images\hlsl.png">
      <Filter>Resource Files</Filter>
    </None>
    <None Include="Images\icon.ico">
      <Filter>Resource Files</Filter>
    </None>
    <None Include="Images\image.png">
      <Filter>Resource Files</Filter>
    </None>
    <CustomBuild Include="Images\images.qrc">
      <Filter>Resource Files</Filter>
    </CustomBuild>
    <None Include="Images\light.png">
      <Filter>Resource Files</Filter>
    </None>
    <None Include="Images\material.png">
      <Filter>Resource Files</Filter>
    </None>
    <None Include="Images\materialLarge.png">
      <Filter>Resource Files</Filter>
    </None>
    <None Include="Images\meshCollider.png">
      <Filter>Resource Files</Filter>
    </None>
    <None Include="Images\meshFilter.png">
      <Filter>Resource Files</Filter>
    </None>
    <None Include="Images\meshRenderer.png">
      <Filter>Resource Files</Filter>
    </None>
    <None Include="Images\model.png">
      <Filter>Resource Files</Filter>
    </None>
    <None Include="Images\pause.png">
      <Filter>Resource Files</Filter>
    </None>
    <None Include="Images\play.png">
      <Filter>Resource Files</Filter>
    </None>
    <None Include="Images\rigidBody.png">
      <Filter>Resource Files</Filter>
    </None>
    <None Include="Images\scene.png">
      <Filter>Resource Files</Filter>
    </None>
    <None Include="Images\scriptLarge.png">
      <Filter>Resource Files</Filter>
    </None>
    <None Include="Images\scriptSmall.png">
      <Filter>Resource Files</Filter>
    </None>
    <None Include="Images\tabConsole.png">
      <Filter>Resource Files</Filter>
    </None>
    <None Include="Images\tabHierarchy.png">
      <Filter>Resource Files</Filter>
    </None>
    <None Include="Images\tabInspector.png">
      <Filter>Resource Files</Filter>
    </None>
    <None Include="Images\tabProject.png">
      <Filter>Resource Files</Filter>
    </None>
    <None Include="Images\tabScene.png">
      <Filter>Resource Files</Filter>
    </None>
    <None Include="Images\transform.png">
      <Filter>Resource Files</Filter>
    </None>
  </ItemGroup>
  <ItemGroup>
    <ResourceCompile Include="C:\Users\Panos\Desktop\Directus3D\Editor\Directus3D_resource.rc" />
  </ItemGroup>
</Project>